
Microsoft Visual Studio Solution File, Format Version 12.00
# Visual Studio Version 17
VisualStudioVersion = 17.14.36121.58
MinimumVisualStudioVersion = 10.0.40219.1
Project("{FAE04EC0-301F-11D3-BF4B-00C04F79EFBC}") = "InternetShopApi", "InternetShopApi\InternetShopApi.csproj", "{DDBCFC48-5545-4927-BDEC-F559F7D195F5}"
EndProject
Project("{FAE04EC0-301F-11D3-BF4B-00C04F79EFBC}") = "InternetShopApi.Data", "InternetShopApi.Data\InternetShopApi.Data.csproj", "{735BD408-D8A4-415A-9BC4-7A6577E4F065}"
EndProject
Project("{FAE04EC0-301F-11D3-BF4B-00C04F79EFBC}") = "InternetShopApi.Service", "InternetShopApi.Service\InternetShopApi.Service.csproj", "{5D97C865-A721-4DCB-B666-5E0A868995F6}"
EndProject
Project("{FAE04EC0-301F-11D3-BF4B-00C04F79EFBC}") = "InternetShopApi.Domain", "InternetShopApi.Contract\InternetShopApi.Domain.csproj", "{F9D74714-5C5E-4E88-B3DB-CE1958446A11}"
EndProject
Project("{FAE04EC0-301F-11D3-BF4B-00C04F79EFBC}") = "InternetShopApi.Contracts", "InternetShopApi.Contracts\InternetShopApi.Contracts.csproj", "{D3C22FDA-42EB-4F5F-8814-AA77D6245201}"
EndProject
Global
	GlobalSection(SolutionConfigurationPlatforms) = preSolution
		Debug|Any CPU = Debug|Any CPU
		Release|Any CPU = Release|Any CPU
	EndGlobalSection
	GlobalSection(ProjectConfigurationPlatforms) = postSolution
		{DDBCFC48-5545-4927-BDEC-F559F7D195F5}.Debug|Any CPU.ActiveCfg = Debug|Any CPU
		{DDBCFC48-5545-4927-BDEC-F559F7D195F5}.Debug|Any CPU.Build.0 = Debug|Any CPU
		{DDBCFC48-5545-4927-BDEC-F559F7D195F5}.Release|Any CPU.ActiveCfg = Release|Any CPU
		{DDBCFC48-5545-4927-BDEC-F559F7D195F5}.Release|Any CPU.Build.0 = Release|Any CPU
		{735BD408-D8A4-415A-9BC4-7A6577E4F065}.Debug|Any CPU.ActiveCfg = Debug|Any CPU
		{735BD408-D8A4-415A-9BC4-7A6577E4F065}.Debug|Any CPU.Build.0 = Debug|Any CPU
		{735BD408-D8A4-415A-9BC4-7A6577E4F065}.Release|Any CPU.ActiveCfg = Release|Any CPU
		{735BD408-D8A4-415A-9BC4-7A6577E4F065}.Release|Any CPU.Build.0 = Release|Any CPU
		{5D97C865-A721-4DCB-B666-5E0A868995F6}.Debug|Any CPU.ActiveCfg = Debug|Any CPU
		{5D97C865-A721-4DCB-B666-5E0A868995F6}.Debug|Any CPU.Build.0 = Debug|Any CPU
		{5D97C865-A721-4DCB-B666-5E0A868995F6}.Release|Any CPU.ActiveCfg = Release|Any CPU
		{5D97C865-A721-4DCB-B666-5E0A868995F6}.Release|Any CPU.Build.0 = Release|Any CPU
		{F9D74714-5C5E-4E88-B3DB-CE1958446A11}.Debug|Any CPU.ActiveCfg = Debug|Any CPU
		{F9D74714-5C5E-4E88-B3DB-CE1958446A11}.Debug|Any CPU.Build.0 = Debug|Any CPU
		{F9D74714-5C5E-4E88-B3DB-CE1958446A11}.Release|Any CPU.ActiveCfg = Release|Any CPU
		{F9D74714-5C5E-4E88-B3DB-CE1958446A11}.Release|Any CPU.Build.0 = Release|Any CPU
		{D3C22FDA-42EB-4F5F-8814-AA77D6245201}.Debug|Any CPU.ActiveCfg = Debug|Any CPU
		{D3C22FDA-42EB-4F5F-8814-AA77D6245201}.Debug|Any CPU.Build.0 = Debug|Any CPU
		{D3C22FDA-42EB-4F5F-8814-AA77D6245201}.Release|Any CPU.ActiveCfg = Release|Any CPU
		{D3C22FDA-42EB-4F5F-8814-AA77D6245201}.Release|Any CPU.Build.0 = Release|Any CPU
	EndGlobalSection
	GlobalSection(SolutionProperties) = preSolution
		HideSolutionNode = FALSE
	EndGlobalSection
	GlobalSection(ExtensibilityGlobals) = postSolution
		SolutionGuid = {AB0DB0E7-3654-44BE-BDBA-CC460B67C1CF}
	EndGlobalSection
EndGlobal
